
Microsoft Visual Studio Solution File, Format Version 12.00
# Visual Studio Version 17
VisualStudioVersion = 17.12.35707.178
MinimumVisualStudioVersion = 10.0.40219.1
Project("{FAE04EC0-301F-11D3-BF4B-00C04F79EFBC}") = "IcarusDroneServiceApplication", "IcarusDroneServiceApplication\IcarusDroneServiceApplication.csproj", "{4DE7D873-8497-46A5-8CC6-BBA2DE34CF4C}"
EndProject
Project("{FAE04EC0-301F-11D3-BF4B-00C04F79EFBC}") = "IcarusDroneServiceBackend", "IcarusDroneServiceBackend\IcarusDroneServiceBackend.csproj", "{5B94E7CD-6BA1-416E-BAFB-7AEEE9AB76CE}"
EndProject
Global
	GlobalSection(SolutionConfigurationPlatforms) = preSolution
		Debug|Any CPU = Debug|Any CPU
		Release|Any CPU = Release|Any CPU
	EndGlobalSection
	GlobalSection(ProjectConfigurationPlatforms) = postSolution
		{4DE7D873-8497-46A5-8CC6-BBA2DE34CF4C}.Debug|Any CPU.ActiveCfg = Debug|Any CPU
		{4DE7D873-8497-46A5-8CC6-BBA2DE34CF4C}.Debug|Any CPU.Build.0 = Debug|Any CPU
		{4DE7D873-8497-46A5-8CC6-BBA2DE34CF4C}.Release|Any CPU.ActiveCfg = Release|Any CPU
		{4DE7D873-8497-46A5-8CC6-BBA2DE34CF4C}.Release|Any CPU.Build.0 = Release|Any CPU
		{5B94E7CD-6BA1-416E-BAFB-7AEEE9AB76CE}.Debug|Any CPU.ActiveCfg = Debug|Any CPU
		{5B94E7CD-6BA1-416E-BAFB-7AEEE9AB76CE}.Debug|Any CPU.Build.0 = Debug|Any CPU
		{5B94E7CD-6BA1-416E-BAFB-7AEEE9AB76CE}.Release|Any CPU.ActiveCfg = Release|Any CPU
		{5B94E7CD-6BA1-416E-BAFB-7AEEE9AB76CE}.Release|Any CPU.Build.0 = Release|Any CPU
	EndGlobalSection
	GlobalSection(SolutionProperties) = preSolution
		HideSolutionNode = FALSE
	EndGlobalSection
EndGlobal
